{
  "pins" : [
    {
      "identity" : "mailcorespm",
      "kind" : "remoteSourceControl",
      "location" : "https://github.com/vincedev/MailCoreSPM.git",
      "state" : {
        "branch" : "master",
        "revision" : "d55d1742a34e2b15d2fac01c14898b19946c74c5"
      }
    }
  ],
  "version" : 2
}
